// !$*UTF8*$!
{
	archiveVersion = 1;
	classes = {
	};
	objectVersion = 56;
	objects = {

/* Begin PBXBuildFile section */
		AAB582132B530FD400CB72B8 /* UntitledAIApp.swift in Sources */ = {isa = PBXBuildFile; fileRef = AAB582122B530FD400CB72B8 /* UntitledAIApp.swift */; };
		AAB582152B530FD400CB72B8 /* ContentView.swift in Sources */ = {isa = PBXBuildFile; fileRef = AAB582142B530FD400CB72B8 /* ContentView.swift */; };
		AAB582172B530FD600CB72B8 /* Assets.xcassets in Resources */ = {isa = PBXBuildFile; fileRef = AAB582162B530FD600CB72B8 /* Assets.xcassets */; };
		AAB5821A2B530FD600CB72B8 /* Preview Assets.xcassets in Resources */ = {isa = PBXBuildFile; fileRef = AAB582192B530FD600CB72B8 /* Preview Assets.xcassets */; };
		AAB582242B530FD600CB72B8 /* UntitledAITests.swift in Sources */ = {isa = PBXBuildFile; fileRef = AAB582232B530FD600CB72B8 /* UntitledAITests.swift */; };
		AAB5822E2B530FD600CB72B8 /* UntitledAIUITests.swift in Sources */ = {isa = PBXBuildFile; fileRef = AAB5822D2B530FD600CB72B8 /* UntitledAIUITests.swift */; };
		AAB582302B530FD600CB72B8 /* UntitledAIUITestsLaunchTests.swift in Sources */ = {isa = PBXBuildFile; fileRef = AAB5822F2B530FD600CB72B8 /* UntitledAIUITestsLaunchTests.swift */; };
		AAB582362B530FD600CB72B8 /* UntitledAI Watch App.app in Embed Watch Content */ = {isa = PBXBuildFile; fileRef = AAB582352B530FD600CB72B8 /* UntitledAI Watch App.app */; settings = {ATTRIBUTES = (RemoveHeadersOnCopy, ); }; };
		AAB5823B2B530FD600CB72B8 /* UntitledAIApp.swift in Sources */ = {isa = PBXBuildFile; fileRef = AAB5823A2B530FD600CB72B8 /* UntitledAIApp.swift */; };
		AAB5823D2B530FD600CB72B8 /* ContentView.swift in Sources */ = {isa = PBXBuildFile; fileRef = AAB5823C2B530FD600CB72B8 /* ContentView.swift */; };
		AAB5823F2B530FD700CB72B8 /* Assets.xcassets in Resources */ = {isa = PBXBuildFile; fileRef = AAB5823E2B530FD700CB72B8 /* Assets.xcassets */; };
		AAB582422B530FD700CB72B8 /* Preview Assets.xcassets in Resources */ = {isa = PBXBuildFile; fileRef = AAB582412B530FD700CB72B8 /* Preview Assets.xcassets */; };
		AAB5824C2B530FD700CB72B8 /* UntitledAI_Watch_AppTests.swift in Sources */ = {isa = PBXBuildFile; fileRef = AAB5824B2B530FD700CB72B8 /* UntitledAI_Watch_AppTests.swift */; };
		AAB582562B530FD700CB72B8 /* UntitledAI_Watch_AppUITests.swift in Sources */ = {isa = PBXBuildFile; fileRef = AAB582552B530FD700CB72B8 /* UntitledAI_Watch_AppUITests.swift */; };
		AAB582582B530FD700CB72B8 /* UntitledAI_Watch_AppUITestsLaunchTests.swift in Sources */ = {isa = PBXBuildFile; fileRef = AAB582572B530FD700CB72B8 /* UntitledAI_Watch_AppUITestsLaunchTests.swift */; };
		AAB5826F2B53108D00CB72B8 /* NetworkManager.swift in Sources */ = {isa = PBXBuildFile; fileRef = AAB5826E2B53108D00CB72B8 /* NetworkManager.swift */; };
		AAB582722B5310E800CB72B8 /* SocketIO in Frameworks */ = {isa = PBXBuildFile; productRef = AAB582712B5310E800CB72B8 /* SocketIO */; };
		AAB582752B53131A00CB72B8 /* AppConstants.swift in Sources */ = {isa = PBXBuildFile; fileRef = AAB582742B53131900CB72B8 /* AppConstants.swift */; };
		AAB582762B53131A00CB72B8 /* AppConstants.swift in Sources */ = {isa = PBXBuildFile; fileRef = AAB582742B53131900CB72B8 /* AppConstants.swift */; };
		AAB582782B53140800CB72B8 /* CaptureManager.swift in Sources */ = {isa = PBXBuildFile; fileRef = AAB582772B53140800CB72B8 /* CaptureManager.swift */; };
/* End PBXBuildFile section */

/* Begin PBXContainerItemProxy section */
		AAB582202B530FD600CB72B8 /* PBXContainerItemProxy */ = {
			isa = PBXContainerItemProxy;
			containerPortal = AAB582072B530FD400CB72B8 /* Project object */;
			proxyType = 1;
			remoteGlobalIDString = AAB5820E2B530FD400CB72B8;
			remoteInfo = UntitledAI;
		};
		AAB5822A2B530FD600CB72B8 /* PBXContainerItemProxy */ = {
			isa = PBXContainerItemProxy;
			containerPortal = AAB582072B530FD400CB72B8 /* Project object */;
			proxyType = 1;
			remoteGlobalIDString = AAB5820E2B530FD400CB72B8;
			remoteInfo = UntitledAI;
		};
		AAB582372B530FD600CB72B8 /* PBXContainerItemProxy */ = {
			isa = PBXContainerItemProxy;
			containerPortal = AAB582072B530FD400CB72B8 /* Project object */;
			proxyType = 1;
			remoteGlobalIDString = AAB582342B530FD600CB72B8;
			remoteInfo = "UntitledAI Watch App";
		};
		AAB582482B530FD700CB72B8 /* PBXContainerItemProxy */ = {
			isa = PBXContainerItemProxy;
			containerPortal = AAB582072B530FD400CB72B8 /* Project object */;
			proxyType = 1;
			remoteGlobalIDString = AAB582342B530FD600CB72B8;
			remoteInfo = "UntitledAI Watch App";
		};
		AAB582522B530FD700CB72B8 /* PBXContainerItemProxy */ = {
			isa = PBXContainerItemProxy;
			containerPortal = AAB582072B530FD400CB72B8 /* Project object */;
			proxyType = 1;
			remoteGlobalIDString = AAB582342B530FD600CB72B8;
			remoteInfo = "UntitledAI Watch App";
		};
/* End PBXContainerItemProxy section */

/* Begin PBXCopyFilesBuildPhase section */
		AAB5825E2B530FD700CB72B8 /* Embed Watch Content */ = {
			isa = PBXCopyFilesBuildPhase;
			buildActionMask = 2147483647;
			dstPath = "$(CONTENTS_FOLDER_PATH)/Watch";
			dstSubfolderSpec = 16;
			files = (
				AAB582362B530FD600CB72B8 /* UntitledAI Watch App.app in Embed Watch Content */,
			);
			name = "Embed Watch Content";
			runOnlyForDeploymentPostprocessing = 0;
		};
/* End PBXCopyFilesBuildPhase section */

/* Begin PBXFileReference section */
		AA0EF1B52B5324D50007C45C /* UntitledAI-Watch-App-Info.plist */ = {isa = PBXFileReference; lastKnownFileType = text.plist; path = "UntitledAI-Watch-App-Info.plist"; sourceTree = SOURCE_ROOT; };
		AAB5820F2B530FD400CB72B8 /* UntitledAI.app */ = {isa = PBXFileReference; explicitFileType = wrapper.application; includeInIndex = 0; path = UntitledAI.app; sourceTree = BUILT_PRODUCTS_DIR; };
		AAB582122B530FD400CB72B8 /* UntitledAIApp.swift */ = {isa = PBXFileReference; lastKnownFileType = sourcecode.swift; path = UntitledAIApp.swift; sourceTree = "<group>"; };
		AAB582142B530FD400CB72B8 /* ContentView.swift */ = {isa = PBXFileReference; lastKnownFileType = sourcecode.swift; path = ContentView.swift; sourceTree = "<group>"; };
		AAB582162B530FD600CB72B8 /* Assets.xcassets */ = {isa = PBXFileReference; lastKnownFileType = folder.assetcatalog; path = Assets.xcassets; sourceTree = "<group>"; };
		AAB582192B530FD600CB72B8 /* Preview Assets.xcassets */ = {isa = PBXFileReference; lastKnownFileType = folder.assetcatalog; path = "Preview Assets.xcassets"; sourceTree = "<group>"; };
		AAB5821F2B530FD600CB72B8 /* UntitledAITests.xctest */ = {isa = PBXFileReference; explicitFileType = wrapper.cfbundle; includeInIndex = 0; path = UntitledAITests.xctest; sourceTree = BUILT_PRODUCTS_DIR; };
		AAB582232B530FD600CB72B8 /* UntitledAITests.swift */ = {isa = PBXFileReference; lastKnownFileType = sourcecode.swift; path = UntitledAITests.swift; sourceTree = "<group>"; };
		AAB582292B530FD600CB72B8 /* UntitledAIUITests.xctest */ = {isa = PBXFileReference; explicitFileType = wrapper.cfbundle; includeInIndex = 0; path = UntitledAIUITests.xctest; sourceTree = BUILT_PRODUCTS_DIR; };
		AAB5822D2B530FD600CB72B8 /* UntitledAIUITests.swift */ = {isa = PBXFileReference; lastKnownFileType = sourcecode.swift; path = UntitledAIUITests.swift; sourceTree = "<group>"; };
		AAB5822F2B530FD600CB72B8 /* UntitledAIUITestsLaunchTests.swift */ = {isa = PBXFileReference; lastKnownFileType = sourcecode.swift; path = UntitledAIUITestsLaunchTests.swift; sourceTree = "<group>"; };
		AAB582352B530FD600CB72B8 /* UntitledAI Watch App.app */ = {isa = PBXFileReference; explicitFileType = wrapper.application; includeInIndex = 0; path = "UntitledAI Watch App.app"; sourceTree = BUILT_PRODUCTS_DIR; };
		AAB5823A2B530FD600CB72B8 /* UntitledAIApp.swift */ = {isa = PBXFileReference; lastKnownFileType = sourcecode.swift; path = UntitledAIApp.swift; sourceTree = "<group>"; };
		AAB5823C2B530FD600CB72B8 /* ContentView.swift */ = {isa = PBXFileReference; lastKnownFileType = sourcecode.swift; path = ContentView.swift; sourceTree = "<group>"; };
		AAB5823E2B530FD700CB72B8 /* Assets.xcassets */ = {isa = PBXFileReference; lastKnownFileType = folder.assetcatalog; path = Assets.xcassets; sourceTree = "<group>"; };
		AAB582412B530FD700CB72B8 /* Preview Assets.xcassets */ = {isa = PBXFileReference; lastKnownFileType = folder.assetcatalog; path = "Preview Assets.xcassets"; sourceTree = "<group>"; };
		AAB582472B530FD700CB72B8 /* UntitledAI Watch AppTests.xctest */ = {isa = PBXFileReference; explicitFileType = wrapper.cfbundle; includeInIndex = 0; path = "UntitledAI Watch AppTests.xctest"; sourceTree = BUILT_PRODUCTS_DIR; };
		AAB5824B2B530FD700CB72B8 /* UntitledAI_Watch_AppTests.swift */ = {isa = PBXFileReference; lastKnownFileType = sourcecode.swift; path = UntitledAI_Watch_AppTests.swift; sourceTree = "<group>"; };
		AAB582512B530FD700CB72B8 /* UntitledAI Watch AppUITests.xctest */ = {isa = PBXFileReference; explicitFileType = wrapper.cfbundle; includeInIndex = 0; path = "UntitledAI Watch AppUITests.xctest"; sourceTree = BUILT_PRODUCTS_DIR; };
		AAB582552B530FD700CB72B8 /* UntitledAI_Watch_AppUITests.swift */ = {isa = PBXFileReference; lastKnownFileType = sourcecode.swift; path = UntitledAI_Watch_AppUITests.swift; sourceTree = "<group>"; };
		AAB582572B530FD700CB72B8 /* UntitledAI_Watch_AppUITestsLaunchTests.swift */ = {isa = PBXFileReference; lastKnownFileType = sourcecode.swift; path = UntitledAI_Watch_AppUITestsLaunchTests.swift; sourceTree = "<group>"; };
		AAB5826E2B53108D00CB72B8 /* NetworkManager.swift */ = {isa = PBXFileReference; lastKnownFileType = sourcecode.swift; path = NetworkManager.swift; sourceTree = "<group>"; };
		AAB582742B53131900CB72B8 /* AppConstants.swift */ = {isa = PBXFileReference; lastKnownFileType = sourcecode.swift; path = AppConstants.swift; sourceTree = "<group>"; };
		AAB582772B53140800CB72B8 /* CaptureManager.swift */ = {isa = PBXFileReference; lastKnownFileType = sourcecode.swift; path = CaptureManager.swift; sourceTree = "<group>"; };
/* End PBXFileReference section */

/* Begin PBXFrameworksBuildPhase section */
		AAB5820C2B530FD400CB72B8 /* Frameworks */ = {
			isa = PBXFrameworksBuildPhase;
			buildActionMask = 2147483647;
			files = (
			);
			runOnlyForDeploymentPostprocessing = 0;
		};
		AAB5821C2B530FD600CB72B8 /* Frameworks */ = {
			isa = PBXFrameworksBuildPhase;
			buildActionMask = 2147483647;
			files = (
			);
			runOnlyForDeploymentPostprocessing = 0;
		};
		AAB582262B530FD600CB72B8 /* Frameworks */ = {
			isa = PBXFrameworksBuildPhase;
			buildActionMask = 2147483647;
			files = (
			);
			runOnlyForDeploymentPostprocessing = 0;
		};
		AAB582322B530FD600CB72B8 /* Frameworks */ = {
			isa = PBXFrameworksBuildPhase;
			buildActionMask = 2147483647;
			files = (
				AAB582722B5310E800CB72B8 /* SocketIO in Frameworks */,
			);
			runOnlyForDeploymentPostprocessing = 0;
		};
		AAB582442B530FD700CB72B8 /* Frameworks */ = {
			isa = PBXFrameworksBuildPhase;
			buildActionMask = 2147483647;
			files = (
			);
			runOnlyForDeploymentPostprocessing = 0;
		};
		AAB5824E2B530FD700CB72B8 /* Frameworks */ = {
			isa = PBXFrameworksBuildPhase;
			buildActionMask = 2147483647;
			files = (
			);
			runOnlyForDeploymentPostprocessing = 0;
		};
/* End PBXFrameworksBuildPhase section */

/* Begin PBXGroup section */
		AAB582062B530FD400CB72B8 = {
			isa = PBXGroup;
			children = (
				AAB582732B53130900CB72B8 /* Shared */,
				AAB582112B530FD400CB72B8 /* UntitledAI */,
				AAB582222B530FD600CB72B8 /* UntitledAITests */,
				AAB5822C2B530FD600CB72B8 /* UntitledAIUITests */,
				AAB582392B530FD600CB72B8 /* UntitledAI Watch App */,
				AAB5824A2B530FD700CB72B8 /* UntitledAI Watch AppTests */,
				AAB582542B530FD700CB72B8 /* UntitledAI Watch AppUITests */,
				AAB582102B530FD400CB72B8 /* Products */,
			);
			sourceTree = "<group>";
		};
		AAB582102B530FD400CB72B8 /* Products */ = {
			isa = PBXGroup;
			children = (
				AAB5820F2B530FD400CB72B8 /* UntitledAI.app */,
				AAB5821F2B530FD600CB72B8 /* UntitledAITests.xctest */,
				AAB582292B530FD600CB72B8 /* UntitledAIUITests.xctest */,
				AAB582352B530FD600CB72B8 /* UntitledAI Watch App.app */,
				AAB582472B530FD700CB72B8 /* UntitledAI Watch AppTests.xctest */,
				AAB582512B530FD700CB72B8 /* UntitledAI Watch AppUITests.xctest */,
			);
			name = Products;
			sourceTree = "<group>";
		};
		AAB582112B530FD400CB72B8 /* UntitledAI */ = {
			isa = PBXGroup;
			children = (
				AAB582122B530FD400CB72B8 /* UntitledAIApp.swift */,
				AAB582142B530FD400CB72B8 /* ContentView.swift */,
				AAB582162B530FD600CB72B8 /* Assets.xcassets */,
				AAB582182B530FD600CB72B8 /* Preview Content */,
			);
			path = UntitledAI;
			sourceTree = "<group>";
		};
		AAB582182B530FD600CB72B8 /* Preview Content */ = {
			isa = PBXGroup;
			children = (
				AAB582192B530FD600CB72B8 /* Preview Assets.xcassets */,
			);
			path = "Preview Content";
			sourceTree = "<group>";
		};
		AAB582222B530FD600CB72B8 /* UntitledAITests */ = {
			isa = PBXGroup;
			children = (
				AAB582232B530FD600CB72B8 /* UntitledAITests.swift */,
			);
			path = UntitledAITests;
			sourceTree = "<group>";
		};
		AAB5822C2B530FD600CB72B8 /* UntitledAIUITests */ = {
			isa = PBXGroup;
			children = (
				AAB5822D2B530FD600CB72B8 /* UntitledAIUITests.swift */,
				AAB5822F2B530FD600CB72B8 /* UntitledAIUITestsLaunchTests.swift */,
			);
			path = UntitledAIUITests;
			sourceTree = "<group>";
		};
		AAB582392B530FD600CB72B8 /* UntitledAI Watch App */ = {
			isa = PBXGroup;
			children = (
				AA0EF1B52B5324D50007C45C /* UntitledAI-Watch-App-Info.plist */,
				AAB5823A2B530FD600CB72B8 /* UntitledAIApp.swift */,
				AAB5823C2B530FD600CB72B8 /* ContentView.swift */,
				AAB5823E2B530FD700CB72B8 /* Assets.xcassets */,
				AAB582402B530FD700CB72B8 /* Preview Content */,
				AAB5826E2B53108D00CB72B8 /* NetworkManager.swift */,
				AAB582772B53140800CB72B8 /* CaptureManager.swift */,
			);
			path = "UntitledAI Watch App";
			sourceTree = "<group>";
		};
		AAB582402B530FD700CB72B8 /* Preview Content */ = {
			isa = PBXGroup;
			children = (
				AAB582412B530FD700CB72B8 /* Preview Assets.xcassets */,
			);
			path = "Preview Content";
			sourceTree = "<group>";
		};
		AAB5824A2B530FD700CB72B8 /* UntitledAI Watch AppTests */ = {
			isa = PBXGroup;
			children = (
				AAB5824B2B530FD700CB72B8 /* UntitledAI_Watch_AppTests.swift */,
			);
			path = "UntitledAI Watch AppTests";
			sourceTree = "<group>";
		};
		AAB582542B530FD700CB72B8 /* UntitledAI Watch AppUITests */ = {
			isa = PBXGroup;
			children = (
				AAB582552B530FD700CB72B8 /* UntitledAI_Watch_AppUITests.swift */,
				AAB582572B530FD700CB72B8 /* UntitledAI_Watch_AppUITestsLaunchTests.swift */,
			);
			path = "UntitledAI Watch AppUITests";
			sourceTree = "<group>";
		};
		AAB582732B53130900CB72B8 /* Shared */ = {
			isa = PBXGroup;
			children = (
				AAB582742B53131900CB72B8 /* AppConstants.swift */,
			);
			path = Shared;
			sourceTree = "<group>";
		};
/* End PBXGroup section */

/* Begin PBXNativeTarget section */
		AAB5820E2B530FD400CB72B8 /* UntitledAI */ = {
			isa = PBXNativeTarget;
			buildConfigurationList = AAB5825F2B530FD700CB72B8 /* Build configuration list for PBXNativeTarget "UntitledAI" */;
			buildPhases = (
				AAB5820B2B530FD400CB72B8 /* Sources */,
				AAB5820C2B530FD400CB72B8 /* Frameworks */,
				AAB5820D2B530FD400CB72B8 /* Resources */,
				AAB5825E2B530FD700CB72B8 /* Embed Watch Content */,
			);
			buildRules = (
			);
			dependencies = (
				AAB582382B530FD600CB72B8 /* PBXTargetDependency */,
			);
			name = UntitledAI;
			productName = UntitledAI;
			productReference = AAB5820F2B530FD400CB72B8 /* UntitledAI.app */;
			productType = "com.apple.product-type.application";
		};
		AAB5821E2B530FD600CB72B8 /* UntitledAITests */ = {
			isa = PBXNativeTarget;
			buildConfigurationList = AAB582622B530FD700CB72B8 /* Build configuration list for PBXNativeTarget "UntitledAITests" */;
			buildPhases = (
				AAB5821B2B530FD600CB72B8 /* Sources */,
				AAB5821C2B530FD600CB72B8 /* Frameworks */,
				AAB5821D2B530FD600CB72B8 /* Resources */,
			);
			buildRules = (
			);
			dependencies = (
				AAB582212B530FD600CB72B8 /* PBXTargetDependency */,
			);
			name = UntitledAITests;
			productName = UntitledAITests;
			productReference = AAB5821F2B530FD600CB72B8 /* UntitledAITests.xctest */;
			productType = "com.apple.product-type.bundle.unit-test";
		};
		AAB582282B530FD600CB72B8 /* UntitledAIUITests */ = {
			isa = PBXNativeTarget;
			buildConfigurationList = AAB582652B530FD700CB72B8 /* Build configuration list for PBXNativeTarget "UntitledAIUITests" */;
			buildPhases = (
				AAB582252B530FD600CB72B8 /* Sources */,
				AAB582262B530FD600CB72B8 /* Frameworks */,
				AAB582272B530FD600CB72B8 /* Resources */,
			);
			buildRules = (
			);
			dependencies = (
				AAB5822B2B530FD600CB72B8 /* PBXTargetDependency */,
			);
			name = UntitledAIUITests;
			productName = UntitledAIUITests;
			productReference = AAB582292B530FD600CB72B8 /* UntitledAIUITests.xctest */;
			productType = "com.apple.product-type.bundle.ui-testing";
		};
		AAB582342B530FD600CB72B8 /* UntitledAI Watch App */ = {
			isa = PBXNativeTarget;
			buildConfigurationList = AAB5825B2B530FD700CB72B8 /* Build configuration list for PBXNativeTarget "UntitledAI Watch App" */;
			buildPhases = (
				AAB582312B530FD600CB72B8 /* Sources */,
				AAB582322B530FD600CB72B8 /* Frameworks */,
				AAB582332B530FD600CB72B8 /* Resources */,
			);
			buildRules = (
			);
			dependencies = (
			);
			name = "UntitledAI Watch App";
			packageProductDependencies = (
				AAB582712B5310E800CB72B8 /* SocketIO */,
			);
			productName = "UntitledAI Watch App";
			productReference = AAB582352B530FD600CB72B8 /* UntitledAI Watch App.app */;
			productType = "com.apple.product-type.application";
		};
		AAB582462B530FD700CB72B8 /* UntitledAI Watch AppTests */ = {
			isa = PBXNativeTarget;
			buildConfigurationList = AAB582682B530FD700CB72B8 /* Build configuration list for PBXNativeTarget "UntitledAI Watch AppTests" */;
			buildPhases = (
				AAB582432B530FD700CB72B8 /* Sources */,
				AAB582442B530FD700CB72B8 /* Frameworks */,
				AAB582452B530FD700CB72B8 /* Resources */,
			);
			buildRules = (
			);
			dependencies = (
				AAB582492B530FD700CB72B8 /* PBXTargetDependency */,
			);
			name = "UntitledAI Watch AppTests";
			productName = "UntitledAI Watch AppTests";
			productReference = AAB582472B530FD700CB72B8 /* UntitledAI Watch AppTests.xctest */;
			productType = "com.apple.product-type.bundle.unit-test";
		};
		AAB582502B530FD700CB72B8 /* UntitledAI Watch AppUITests */ = {
			isa = PBXNativeTarget;
			buildConfigurationList = AAB5826B2B530FD700CB72B8 /* Build configuration list for PBXNativeTarget "UntitledAI Watch AppUITests" */;
			buildPhases = (
				AAB5824D2B530FD700CB72B8 /* Sources */,
				AAB5824E2B530FD700CB72B8 /* Frameworks */,
				AAB5824F2B530FD700CB72B8 /* Resources */,
			);
			buildRules = (
			);
			dependencies = (
				AAB582532B530FD700CB72B8 /* PBXTargetDependency */,
			);
			name = "UntitledAI Watch AppUITests";
			productName = "UntitledAI Watch AppUITests";
			productReference = AAB582512B530FD700CB72B8 /* UntitledAI Watch AppUITests.xctest */;
			productType = "com.apple.product-type.bundle.ui-testing";
		};
/* End PBXNativeTarget section */

/* Begin PBXProject section */
		AAB582072B530FD400CB72B8 /* Project object */ = {
			isa = PBXProject;
			attributes = {
				BuildIndependentTargetsInParallel = 1;
				LastSwiftUpdateCheck = 1520;
				LastUpgradeCheck = 1520;
				TargetAttributes = {
					AAB5820E2B530FD400CB72B8 = {
						CreatedOnToolsVersion = 15.2;
					};
					AAB5821E2B530FD600CB72B8 = {
						CreatedOnToolsVersion = 15.2;
						TestTargetID = AAB5820E2B530FD400CB72B8;
					};
					AAB582282B530FD600CB72B8 = {
						CreatedOnToolsVersion = 15.2;
						TestTargetID = AAB5820E2B530FD400CB72B8;
					};
					AAB582342B530FD600CB72B8 = {
						CreatedOnToolsVersion = 15.2;
					};
					AAB582462B530FD700CB72B8 = {
						CreatedOnToolsVersion = 15.2;
						TestTargetID = AAB582342B530FD600CB72B8;
					};
					AAB582502B530FD700CB72B8 = {
						CreatedOnToolsVersion = 15.2;
						TestTargetID = AAB582342B530FD600CB72B8;
					};
				};
			};
			buildConfigurationList = AAB5820A2B530FD400CB72B8 /* Build configuration list for PBXProject "UntitledAI" */;
			compatibilityVersion = "Xcode 14.0";
			developmentRegion = en;
			hasScannedForEncodings = 0;
			knownRegions = (
				en,
				Base,
			);
			mainGroup = AAB582062B530FD400CB72B8;
			packageReferences = (
				AAB582702B5310E800CB72B8 /* XCRemoteSwiftPackageReference "socket.io-client-swift" */,
			);
			productRefGroup = AAB582102B530FD400CB72B8 /* Products */;
			projectDirPath = "";
			projectRoot = "";
			targets = (
				AAB5820E2B530FD400CB72B8 /* UntitledAI */,
				AAB5821E2B530FD600CB72B8 /* UntitledAITests */,
				AAB582282B530FD600CB72B8 /* UntitledAIUITests */,
				AAB582342B530FD600CB72B8 /* UntitledAI Watch App */,
				AAB582462B530FD700CB72B8 /* UntitledAI Watch AppTests */,
				AAB582502B530FD700CB72B8 /* UntitledAI Watch AppUITests */,
			);
		};
/* End PBXProject section */

/* Begin PBXResourcesBuildPhase section */
		AAB5820D2B530FD400CB72B8 /* Resources */ = {
			isa = PBXResourcesBuildPhase;
			buildActionMask = 2147483647;
			files = (
				AAB5821A2B530FD600CB72B8 /* Preview Assets.xcassets in Resources */,
				AAB582172B530FD600CB72B8 /* Assets.xcassets in Resources */,
			);
			runOnlyForDeploymentPostprocessing = 0;
		};
		AAB5821D2B530FD600CB72B8 /* Resources */ = {
			isa = PBXResourcesBuildPhase;
			buildActionMask = 2147483647;
			files = (
			);
			runOnlyForDeploymentPostprocessing = 0;
		};
		AAB582272B530FD600CB72B8 /* Resources */ = {
			isa = PBXResourcesBuildPhase;
			buildActionMask = 2147483647;
			files = (
			);
			runOnlyForDeploymentPostprocessing = 0;
		};
		AAB582332B530FD600CB72B8 /* Resources */ = {
			isa = PBXResourcesBuildPhase;
			buildActionMask = 2147483647;
			files = (
				AAB582422B530FD700CB72B8 /* Preview Assets.xcassets in Resources */,
				AAB5823F2B530FD700CB72B8 /* Assets.xcassets in Resources */,
			);
			runOnlyForDeploymentPostprocessing = 0;
		};
		AAB582452B530FD700CB72B8 /* Resources */ = {
			isa = PBXResourcesBuildPhase;
			buildActionMask = 2147483647;
			files = (
			);
			runOnlyForDeploymentPostprocessing = 0;
		};
		AAB5824F2B530FD700CB72B8 /* Resources */ = {
			isa = PBXResourcesBuildPhase;
			buildActionMask = 2147483647;
			files = (
			);
			runOnlyForDeploymentPostprocessing = 0;
		};
/* End PBXResourcesBuildPhase section */

/* Begin PBXSourcesBuildPhase section */
		AAB5820B2B530FD400CB72B8 /* Sources */ = {
			isa = PBXSourcesBuildPhase;
			buildActionMask = 2147483647;
			files = (
				AAB582152B530FD400CB72B8 /* ContentView.swift in Sources */,
				AAB582752B53131A00CB72B8 /* AppConstants.swift in Sources */,
				AAB582132B530FD400CB72B8 /* UntitledAIApp.swift in Sources */,
			);
			runOnlyForDeploymentPostprocessing = 0;
		};
		AAB5821B2B530FD600CB72B8 /* Sources */ = {
			isa = PBXSourcesBuildPhase;
			buildActionMask = 2147483647;
			files = (
				AAB582242B530FD600CB72B8 /* UntitledAITests.swift in Sources */,
			);
			runOnlyForDeploymentPostprocessing = 0;
		};
		AAB582252B530FD600CB72B8 /* Sources */ = {
			isa = PBXSourcesBuildPhase;
			buildActionMask = 2147483647;
			files = (
				AAB5822E2B530FD600CB72B8 /* UntitledAIUITests.swift in Sources */,
				AAB582302B530FD600CB72B8 /* UntitledAIUITestsLaunchTests.swift in Sources */,
			);
			runOnlyForDeploymentPostprocessing = 0;
		};
		AAB582312B530FD600CB72B8 /* Sources */ = {
			isa = PBXSourcesBuildPhase;
			buildActionMask = 2147483647;
			files = (
				AAB5826F2B53108D00CB72B8 /* NetworkManager.swift in Sources */,
				AAB5823D2B530FD600CB72B8 /* ContentView.swift in Sources */,
				AAB5823B2B530FD600CB72B8 /* UntitledAIApp.swift in Sources */,
				AAB582762B53131A00CB72B8 /* AppConstants.swift in Sources */,
				AAB582782B53140800CB72B8 /* CaptureManager.swift in Sources */,
			);
			runOnlyForDeploymentPostprocessing = 0;
		};
		AAB582432B530FD700CB72B8 /* Sources */ = {
			isa = PBXSourcesBuildPhase;
			buildActionMask = 2147483647;
			files = (
				AAB5824C2B530FD700CB72B8 /* UntitledAI_Watch_AppTests.swift in Sources */,
			);
			runOnlyForDeploymentPostprocessing = 0;
		};
		AAB5824D2B530FD700CB72B8 /* Sources */ = {
			isa = PBXSourcesBuildPhase;
			buildActionMask = 2147483647;
			files = (
				AAB582562B530FD700CB72B8 /* UntitledAI_Watch_AppUITests.swift in Sources */,
				AAB582582B530FD700CB72B8 /* UntitledAI_Watch_AppUITestsLaunchTests.swift in Sources */,
			);
			runOnlyForDeploymentPostprocessing = 0;
		};
/* End PBXSourcesBuildPhase section */

/* Begin PBXTargetDependency section */
		AAB582212B530FD600CB72B8 /* PBXTargetDependency */ = {
			isa = PBXTargetDependency;
			target = AAB5820E2B530FD400CB72B8 /* UntitledAI */;
			targetProxy = AAB582202B530FD600CB72B8 /* PBXContainerItemProxy */;
		};
		AAB5822B2B530FD600CB72B8 /* PBXTargetDependency */ = {
			isa = PBXTargetDependency;
			target = AAB5820E2B530FD400CB72B8 /* UntitledAI */;
			targetProxy = AAB5822A2B530FD600CB72B8 /* PBXContainerItemProxy */;
		};
		AAB582382B530FD600CB72B8 /* PBXTargetDependency */ = {
			isa = PBXTargetDependency;
			target = AAB582342B530FD600CB72B8 /* UntitledAI Watch App */;
			targetProxy = AAB582372B530FD600CB72B8 /* PBXContainerItemProxy */;
		};
		AAB582492B530FD700CB72B8 /* PBXTargetDependency */ = {
			isa = PBXTargetDependency;
			target = AAB582342B530FD600CB72B8 /* UntitledAI Watch App */;
			targetProxy = AAB582482B530FD700CB72B8 /* PBXContainerItemProxy */;
		};
		AAB582532B530FD700CB72B8 /* PBXTargetDependency */ = {
			isa = PBXTargetDependency;
			target = AAB582342B530FD600CB72B8 /* UntitledAI Watch App */;
			targetProxy = AAB582522B530FD700CB72B8 /* PBXContainerItemProxy */;
		};
/* End PBXTargetDependency section */

/* Begin XCBuildConfiguration section */
		AAB582592B530FD700CB72B8 /* Debug */ = {
			isa = XCBuildConfiguration;
			buildSettings = {
				ALWAYS_SEARCH_USER_PATHS = NO;
				ASSETCATALOG_COMPILER_GENERATE_SWIFT_ASSET_SYMBOL_EXTENSIONS = YES;
				CLANG_ANALYZER_NONNULL = YES;
				CLANG_ANALYZER_NUMBER_OBJECT_CONVERSION = YES_AGGRESSIVE;
				CLANG_CXX_LANGUAGE_STANDARD = "gnu++20";
				CLANG_ENABLE_MODULES = YES;
				CLANG_ENABLE_OBJC_ARC = YES;
				CLANG_ENABLE_OBJC_WEAK = YES;
				CLANG_WARN_BLOCK_CAPTURE_AUTORELEASING = YES;
				CLANG_WARN_BOOL_CONVERSION = YES;
				CLANG_WARN_COMMA = YES;
				CLANG_WARN_CONSTANT_CONVERSION = YES;
				CLANG_WARN_DEPRECATED_OBJC_IMPLEMENTATIONS = YES;
				CLANG_WARN_DIRECT_OBJC_ISA_USAGE = YES_ERROR;
				CLANG_WARN_DOCUMENTATION_COMMENTS = YES;
				CLANG_WARN_EMPTY_BODY = YES;
				CLANG_WARN_ENUM_CONVERSION = YES;
				CLANG_WARN_INFINITE_RECURSION = YES;
				CLANG_WARN_INT_CONVERSION = YES;
				CLANG_WARN_NON_LITERAL_NULL_CONVERSION = YES;
				CLANG_WARN_OBJC_IMPLICIT_RETAIN_SELF = YES;
				CLANG_WARN_OBJC_LITERAL_CONVERSION = YES;
				CLANG_WARN_OBJC_ROOT_CLASS = YES_ERROR;
				CLANG_WARN_QUOTED_INCLUDE_IN_FRAMEWORK_HEADER = YES;
				CLANG_WARN_RANGE_LOOP_ANALYSIS = YES;
				CLANG_WARN_STRICT_PROTOTYPES = YES;
				CLANG_WARN_SUSPICIOUS_MOVE = YES;
				CLANG_WARN_UNGUARDED_AVAILABILITY = YES_AGGRESSIVE;
				CLANG_WARN_UNREACHABLE_CODE = YES;
				CLANG_WARN__DUPLICATE_METHOD_MATCH = YES;
				COPY_PHASE_STRIP = NO;
				DEBUG_INFORMATION_FORMAT = dwarf;
				ENABLE_STRICT_OBJC_MSGSEND = YES;
				ENABLE_TESTABILITY = YES;
				ENABLE_USER_SCRIPT_SANDBOXING = YES;
				GCC_C_LANGUAGE_STANDARD = gnu17;
				GCC_DYNAMIC_NO_PIC = NO;
				GCC_NO_COMMON_BLOCKS = YES;
				GCC_OPTIMIZATION_LEVEL = 0;
				GCC_PREPROCESSOR_DEFINITIONS = (
					"DEBUG=1",
					"$(inherited)",
				);
				GCC_WARN_64_TO_32_BIT_CONVERSION = YES;
				GCC_WARN_ABOUT_RETURN_TYPE = YES_ERROR;
				GCC_WARN_UNDECLARED_SELECTOR = YES;
				GCC_WARN_UNINITIALIZED_AUTOS = YES_AGGRESSIVE;
				GCC_WARN_UNUSED_FUNCTION = YES;
				GCC_WARN_UNUSED_VARIABLE = YES;
				LOCALIZATION_PREFERS_STRING_CATALOGS = YES;
				MTL_ENABLE_DEBUG_INFO = INCLUDE_SOURCE;
				MTL_FAST_MATH = YES;
				ONLY_ACTIVE_ARCH = YES;
				SWIFT_ACTIVE_COMPILATION_CONDITIONS = "DEBUG $(inherited)";
				SWIFT_OPTIMIZATION_LEVEL = "-Onone";
			};
			name = Debug;
		};
		AAB5825A2B530FD700CB72B8 /* Release */ = {
			isa = XCBuildConfiguration;
			buildSettings = {
				ALWAYS_SEARCH_USER_PATHS = NO;
				ASSETCATALOG_COMPILER_GENERATE_SWIFT_ASSET_SYMBOL_EXTENSIONS = YES;
				CLANG_ANALYZER_NONNULL = YES;
				CLANG_ANALYZER_NUMBER_OBJECT_CONVERSION = YES_AGGRESSIVE;
				CLANG_CXX_LANGUAGE_STANDARD = "gnu++20";
				CLANG_ENABLE_MODULES = YES;
				CLANG_ENABLE_OBJC_ARC = YES;
				CLANG_ENABLE_OBJC_WEAK = YES;
				CLANG_WARN_BLOCK_CAPTURE_AUTORELEASING = YES;
				CLANG_WARN_BOOL_CONVERSION = YES;
				CLANG_WARN_COMMA = YES;
				CLANG_WARN_CONSTANT_CONVERSION = YES;
				CLANG_WARN_DEPRECATED_OBJC_IMPLEMENTATIONS = YES;
				CLANG_WARN_DIRECT_OBJC_ISA_USAGE = YES_ERROR;
				CLANG_WARN_DOCUMENTATION_COMMENTS = YES;
				CLANG_WARN_EMPTY_BODY = YES;
				CLANG_WARN_ENUM_CONVERSION = YES;
				CLANG_WARN_INFINITE_RECURSION = YES;
				CLANG_WARN_INT_CONVERSION = YES;
				CLANG_WARN_NON_LITERAL_NULL_CONVERSION = YES;
				CLANG_WARN_OBJC_IMPLICIT_RETAIN_SELF = YES;
				CLANG_WARN_OBJC_LITERAL_CONVERSION = YES;
				CLANG_WARN_OBJC_ROOT_CLASS = YES_ERROR;
				CLANG_WARN_QUOTED_INCLUDE_IN_FRAMEWORK_HEADER = YES;
				CLANG_WARN_RANGE_LOOP_ANALYSIS = YES;
				CLANG_WARN_STRICT_PROTOTYPES = YES;
				CLANG_WARN_SUSPICIOUS_MOVE = YES;
				CLANG_WARN_UNGUARDED_AVAILABILITY = YES_AGGRESSIVE;
				CLANG_WARN_UNREACHABLE_CODE = YES;
				CLANG_WARN__DUPLICATE_METHOD_MATCH = YES;
				COPY_PHASE_STRIP = NO;
				DEBUG_INFORMATION_FORMAT = "dwarf-with-dsym";
				ENABLE_NS_ASSERTIONS = NO;
				ENABLE_STRICT_OBJC_MSGSEND = YES;
				ENABLE_USER_SCRIPT_SANDBOXING = YES;
				GCC_C_LANGUAGE_STANDARD = gnu17;
				GCC_NO_COMMON_BLOCKS = YES;
				GCC_WARN_64_TO_32_BIT_CONVERSION = YES;
				GCC_WARN_ABOUT_RETURN_TYPE = YES_ERROR;
				GCC_WARN_UNDECLARED_SELECTOR = YES;
				GCC_WARN_UNINITIALIZED_AUTOS = YES_AGGRESSIVE;
				GCC_WARN_UNUSED_FUNCTION = YES;
				GCC_WARN_UNUSED_VARIABLE = YES;
				LOCALIZATION_PREFERS_STRING_CATALOGS = YES;
				MTL_ENABLE_DEBUG_INFO = NO;
				MTL_FAST_MATH = YES;
				SWIFT_COMPILATION_MODE = wholemodule;
			};
			name = Release;
		};
		AAB5825C2B530FD700CB72B8 /* Debug */ = {
			isa = XCBuildConfiguration;
			buildSettings = {
				ASSETCATALOG_COMPILER_APPICON_NAME = AppIcon;
				ASSETCATALOG_COMPILER_GLOBAL_ACCENT_COLOR_NAME = AccentColor;
				CODE_SIGN_STYLE = Automatic;
				CURRENT_PROJECT_VERSION = 1;
				DEVELOPMENT_ASSET_PATHS = "\"UntitledAI Watch App/Preview Content\"";
				DEVELOPMENT_TEAM = 544429XU22;
				ENABLE_PREVIEWS = YES;
				GENERATE_INFOPLIST_FILE = YES;
				INFOPLIST_FILE = "UntitledAI-Watch-App-Info.plist";
				INFOPLIST_KEY_CFBundleDisplayName = UntitledAI;
				INFOPLIST_KEY_NSMicrophoneUsageDescription = "Needed for capture";
				INFOPLIST_KEY_UISupportedInterfaceOrientations = "UIInterfaceOrientationPortrait UIInterfaceOrientationPortraitUpsideDown";
				INFOPLIST_KEY_WKCompanionAppBundleIdentifier = com.untitledai.UntitledAI;
				LD_RUNPATH_SEARCH_PATHS = (
					"$(inherited)",
					"@executable_path/Frameworks",
				);
				MARKETING_VERSION = 1.0;
				PRODUCT_BUNDLE_IDENTIFIER = com.untitledai.UntitledAI.watchkitapp;
				PRODUCT_NAME = "$(TARGET_NAME)";
				SDKROOT = watchos;
				SKIP_INSTALL = YES;
				SWIFT_EMIT_LOC_STRINGS = YES;
				SWIFT_VERSION = 5.0;
				TARGETED_DEVICE_FAMILY = 4;
				WATCHOS_DEPLOYMENT_TARGET = 10.2;
			};
			name = Debug;
		};
		AAB5825D2B530FD700CB72B8 /* Release */ = {
			isa = XCBuildConfiguration;
			buildSettings = {
				ASSETCATALOG_COMPILER_APPICON_NAME = AppIcon;
				ASSETCATALOG_COMPILER_GLOBAL_ACCENT_COLOR_NAME = AccentColor;
				CODE_SIGN_STYLE = Automatic;
				CURRENT_PROJECT_VERSION = 1;
				DEVELOPMENT_ASSET_PATHS = "\"UntitledAI Watch App/Preview Content\"";
				DEVELOPMENT_TEAM = 544429XU22;
				ENABLE_PREVIEWS = YES;
				GENERATE_INFOPLIST_FILE = YES;
				INFOPLIST_FILE = "UntitledAI-Watch-App-Info.plist";
				INFOPLIST_KEY_CFBundleDisplayName = UntitledAI;
				INFOPLIST_KEY_NSMicrophoneUsageDescription = "Needed for capture";
				INFOPLIST_KEY_UISupportedInterfaceOrientations = "UIInterfaceOrientationPortrait UIInterfaceOrientationPortraitUpsideDown";
				INFOPLIST_KEY_WKCompanionAppBundleIdentifier = com.untitledai.UntitledAI;
				LD_RUNPATH_SEARCH_PATHS = (
					"$(inherited)",
					"@executable_path/Frameworks",
				);
				MARKETING_VERSION = 1.0;
				PRODUCT_BUNDLE_IDENTIFIER = com.untitledai.UntitledAI.watchkitapp;
				PRODUCT_NAME = "$(TARGET_NAME)";
				SDKROOT = watchos;
				SKIP_INSTALL = YES;
				SWIFT_EMIT_LOC_STRINGS = YES;
				SWIFT_VERSION = 5.0;
				TARGETED_DEVICE_FAMILY = 4;
				VALIDATE_PRODUCT = YES;
				WATCHOS_DEPLOYMENT_TARGET = 10.2;
			};
			name = Release;
		};
		AAB582602B530FD700CB72B8 /* Debug */ = {
			isa = XCBuildConfiguration;
			buildSettings = {
				ALWAYS_EMBED_SWIFT_STANDARD_LIBRARIES = YES;
				ASSETCATALOG_COMPILER_APPICON_NAME = AppIcon;
				ASSETCATALOG_COMPILER_GLOBAL_ACCENT_COLOR_NAME = AccentColor;
				CODE_SIGN_STYLE = Automatic;
				CURRENT_PROJECT_VERSION = 1;
				DEVELOPMENT_ASSET_PATHS = "\"UntitledAI/Preview Content\"";
				DEVELOPMENT_TEAM = 544429XU22;
				ENABLE_PREVIEWS = YES;
				GENERATE_INFOPLIST_FILE = YES;
				INFOPLIST_KEY_CFBundleDisplayName = UntitledAI;
				INFOPLIST_KEY_UIApplicationSceneManifest_Generation = YES;
				INFOPLIST_KEY_UIApplicationSupportsIndirectInputEvents = YES;
				INFOPLIST_KEY_UILaunchScreen_Generation = YES;
				INFOPLIST_KEY_UISupportedInterfaceOrientations_iPad = "UIInterfaceOrientationPortrait UIInterfaceOrientationPortraitUpsideDown UIInterfaceOrientationLandscapeLeft UIInterfaceOrientationLandscapeRight";
				INFOPLIST_KEY_UISupportedInterfaceOrientations_iPhone = "UIInterfaceOrientationPortrait UIInterfaceOrientationLandscapeLeft UIInterfaceOrientationLandscapeRight";
				IPHONEOS_DEPLOYMENT_TARGET = 17.2;
				LD_RUNPATH_SEARCH_PATHS = (
					"$(inherited)",
					"@executable_path/Frameworks",
				);
				MARKETING_VERSION = 1.0;
				PRODUCT_BUNDLE_IDENTIFIER = com.untitledai.UntitledAI;
				PRODUCT_NAME = "$(TARGET_NAME)";
				SDKROOT = iphoneos;
				SWIFT_EMIT_LOC_STRINGS = YES;
				SWIFT_VERSION = 5.0;
				TARGETED_DEVICE_FAMILY = "1,2";
			};
			name = Debug;
		};
		AAB582612B530FD700CB72B8 /* Release */ = {
			isa = XCBuildConfiguration;
			buildSettings = {
				ALWAYS_EMBED_SWIFT_STANDARD_LIBRARIES = YES;
				ASSETCATALOG_COMPILER_APPICON_NAME = AppIcon;
				ASSETCATALOG_COMPILER_GLOBAL_ACCENT_COLOR_NAME = AccentColor;
				CODE_SIGN_STYLE = Automatic;
				CURRENT_PROJECT_VERSION = 1;
				DEVELOPMENT_ASSET_PATHS = "\"UntitledAI/Preview Content\"";
				DEVELOPMENT_TEAM = 544429XU22;
				ENABLE_PREVIEWS = YES;
				GENERATE_INFOPLIST_FILE = YES;
				INFOPLIST_KEY_CFBundleDisplayName = UntitledAI;
				INFOPLIST_KEY_UIApplicationSceneManifest_Generation = YES;
				INFOPLIST_KEY_UIApplicationSupportsIndirectInputEvents = YES;
				INFOPLIST_KEY_UILaunchScreen_Generation = YES;
				INFOPLIST_KEY_UISupportedInterfaceOrientations_iPad = "UIInterfaceOrientationPortrait UIInterfaceOrientationPortraitUpsideDown UIInterfaceOrientationLandscapeLeft UIInterfaceOrientationLandscapeRight";
				INFOPLIST_KEY_UISupportedInterfaceOrientations_iPhone = "UIInterfaceOrientationPortrait UIInterfaceOrientationLandscapeLeft UIInterfaceOrientationLandscapeRight";
				IPHONEOS_DEPLOYMENT_TARGET = 17.2;
				LD_RUNPATH_SEARCH_PATHS = (
					"$(inherited)",
					"@executable_path/Frameworks",
				);
				MARKETING_VERSION = 1.0;
				PRODUCT_BUNDLE_IDENTIFIER = com.untitledai.UntitledAI;
				PRODUCT_NAME = "$(TARGET_NAME)";
				SDKROOT = iphoneos;
				SWIFT_EMIT_LOC_STRINGS = YES;
				SWIFT_VERSION = 5.0;
				TARGETED_DEVICE_FAMILY = "1,2";
				VALIDATE_PRODUCT = YES;
			};
			name = Release;
		};
		AAB582632B530FD700CB72B8 /* Debug */ = {
			isa = XCBuildConfiguration;
			buildSettings = {
				ALWAYS_EMBED_SWIFT_STANDARD_LIBRARIES = YES;
				BUNDLE_LOADER = "$(TEST_HOST)";
				CODE_SIGN_STYLE = Automatic;
				CURRENT_PROJECT_VERSION = 1;
				DEVELOPMENT_TEAM = 544429XU22;
				GENERATE_INFOPLIST_FILE = YES;
				IPHONEOS_DEPLOYMENT_TARGET = 17.2;
				MARKETING_VERSION = 1.0;
				PRODUCT_BUNDLE_IDENTIFIER = com.untitledai.UntitledAITests;
				PRODUCT_NAME = "$(TARGET_NAME)";
				SDKROOT = iphoneos;
				SWIFT_EMIT_LOC_STRINGS = NO;
				SWIFT_VERSION = 5.0;
				TARGETED_DEVICE_FAMILY = "1,2";
				TEST_HOST = "$(BUILT_PRODUCTS_DIR)/UntitledAI.app/$(BUNDLE_EXECUTABLE_FOLDER_PATH)/UntitledAI";
			};
			name = Debug;
		};
		AAB582642B530FD700CB72B8 /* Release */ = {
			isa = XCBuildConfiguration;
			buildSettings = {
				ALWAYS_EMBED_SWIFT_STANDARD_LIBRARIES = YES;
				BUNDLE_LOADER = "$(TEST_HOST)";
				CODE_SIGN_STYLE = Automatic;
				CURRENT_PROJECT_VERSION = 1;
				DEVELOPMENT_TEAM = 544429XU22;
				GENERATE_INFOPLIST_FILE = YES;
				IPHONEOS_DEPLOYMENT_TARGET = 17.2;
				MARKETING_VERSION = 1.0;
				PRODUCT_BUNDLE_IDENTIFIER = com.untitledai.UntitledAITests;
				PRODUCT_NAME = "$(TARGET_NAME)";
				SDKROOT = iphoneos;
				SWIFT_EMIT_LOC_STRINGS = NO;
				SWIFT_VERSION = 5.0;
				TARGETED_DEVICE_FAMILY = "1,2";
				TEST_HOST = "$(BUILT_PRODUCTS_DIR)/UntitledAI.app/$(BUNDLE_EXECUTABLE_FOLDER_PATH)/UntitledAI";
				VALIDATE_PRODUCT = YES;
			};
			name = Release;
		};
		AAB582662B530FD700CB72B8 /* Debug */ = {
			isa = XCBuildConfiguration;
			buildSettings = {
				ALWAYS_EMBED_SWIFT_STANDARD_LIBRARIES = YES;
				CODE_SIGN_STYLE = Automatic;
				CURRENT_PROJECT_VERSION = 1;
				DEVELOPMENT_TEAM = 544429XU22;
				GENERATE_INFOPLIST_FILE = YES;
				IPHONEOS_DEPLOYMENT_TARGET = 17.2;
				MARKETING_VERSION = 1.0;
				PRODUCT_BUNDLE_IDENTIFIER = com.untitledai.UntitledAIUITests;
				PRODUCT_NAME = "$(TARGET_NAME)";
				SDKROOT = iphoneos;
				SWIFT_EMIT_LOC_STRINGS = NO;
				SWIFT_VERSION = 5.0;
				TARGETED_DEVICE_FAMILY = "1,2";
				TEST_TARGET_NAME = UntitledAI;
			};
			name = Debug;
		};
		AAB582672B530FD700CB72B8 /* Release */ = {
			isa = XCBuildConfiguration;
			buildSettings = {
				ALWAYS_EMBED_SWIFT_STANDARD_LIBRARIES = YES;
				CODE_SIGN_STYLE = Automatic;
				CURRENT_PROJECT_VERSION = 1;
				DEVELOPMENT_TEAM = 544429XU22;
				GENERATE_INFOPLIST_FILE = YES;
				IPHONEOS_DEPLOYMENT_TARGET = 17.2;
				MARKETING_VERSION = 1.0;
				PRODUCT_BUNDLE_IDENTIFIER = com.untitledai.UntitledAIUITests;
				PRODUCT_NAME = "$(TARGET_NAME)";
				SDKROOT = iphoneos;
				SWIFT_EMIT_LOC_STRINGS = NO;
				SWIFT_VERSION = 5.0;
				TARGETED_DEVICE_FAMILY = "1,2";
				TEST_TARGET_NAME = UntitledAI;
				VALIDATE_PRODUCT = YES;
			};
			name = Release;
		};
		AAB582692B530FD700CB72B8 /* Debug */ = {
			isa = XCBuildConfiguration;
			buildSettings = {
				ALWAYS_EMBED_SWIFT_STANDARD_LIBRARIES = YES;
				BUNDLE_LOADER = "$(TEST_HOST)";
				CODE_SIGN_STYLE = Automatic;
				CURRENT_PROJECT_VERSION = 1;
				DEVELOPMENT_TEAM = 544429XU22;
				GENERATE_INFOPLIST_FILE = YES;
				MARKETING_VERSION = 1.0;
				PRODUCT_BUNDLE_IDENTIFIER = "com.untitledai.UntitledAI-Watch-AppTests";
				PRODUCT_NAME = "$(TARGET_NAME)";
				SDKROOT = watchos;
				SWIFT_EMIT_LOC_STRINGS = NO;
				SWIFT_VERSION = 5.0;
				TARGETED_DEVICE_FAMILY = 4;
				TEST_HOST = "$(BUILT_PRODUCTS_DIR)/UntitledAI Watch App.app/$(BUNDLE_EXECUTABLE_FOLDER_PATH)/UntitledAI Watch App";
				WATCHOS_DEPLOYMENT_TARGET = 10.2;
			};
			name = Debug;
		};
		AAB5826A2B530FD700CB72B8 /* Release */ = {
			isa = XCBuildConfiguration;
			buildSettings = {
				ALWAYS_EMBED_SWIFT_STANDARD_LIBRARIES = YES;
				BUNDLE_LOADER = "$(TEST_HOST)";
				CODE_SIGN_STYLE = Automatic;
				CURRENT_PROJECT_VERSION = 1;
				DEVELOPMENT_TEAM = 544429XU22;
				GENERATE_INFOPLIST_FILE = YES;
				MARKETING_VERSION = 1.0;
				PRODUCT_BUNDLE_IDENTIFIER = "com.untitledai.UntitledAI-Watch-AppTests";
				PRODUCT_NAME = "$(TARGET_NAME)";
				SDKROOT = watchos;
				SWIFT_EMIT_LOC_STRINGS = NO;
				SWIFT_VERSION = 5.0;
				TARGETED_DEVICE_FAMILY = 4;
				TEST_HOST = "$(BUILT_PRODUCTS_DIR)/UntitledAI Watch App.app/$(BUNDLE_EXECUTABLE_FOLDER_PATH)/UntitledAI Watch App";
				VALIDATE_PRODUCT = YES;
				WATCHOS_DEPLOYMENT_TARGET = 10.2;
			};
			name = Release;
		};
		AAB5826C2B530FD700CB72B8 /* Debug */ = {
			isa = XCBuildConfiguration;
			buildSettings = {
				ALWAYS_EMBED_SWIFT_STANDARD_LIBRARIES = YES;
				CODE_SIGN_STYLE = Automatic;
				CURRENT_PROJECT_VERSION = 1;
				DEVELOPMENT_TEAM = 544429XU22;
				GENERATE_INFOPLIST_FILE = YES;
				MARKETING_VERSION = 1.0;
				PRODUCT_BUNDLE_IDENTIFIER = "com.untitledai.UntitledAI-Watch-AppUITests";
				PRODUCT_NAME = "$(TARGET_NAME)";
				SDKROOT = watchos;
				SWIFT_EMIT_LOC_STRINGS = NO;
				SWIFT_VERSION = 5.0;
				TARGETED_DEVICE_FAMILY = 4;
				TEST_TARGET_NAME = "UntitledAI Watch App";
				WATCHOS_DEPLOYMENT_TARGET = 10.2;
			};
			name = Debug;
		};
		AAB5826D2B530FD700CB72B8 /* Release */ = {
			isa = XCBuildConfiguration;
			buildSettings = {
				ALWAYS_EMBED_SWIFT_STANDARD_LIBRARIES = YES;
				CODE_SIGN_STYLE = Automatic;
				CURRENT_PROJECT_VERSION = 1;
				DEVELOPMENT_TEAM = 544429XU22;
				GENERATE_INFOPLIST_FILE = YES;
				MARKETING_VERSION = 1.0;
				PRODUCT_BUNDLE_IDENTIFIER = "com.untitledai.UntitledAI-Watch-AppUITests";
				PRODUCT_NAME = "$(TARGET_NAME)";
				SDKROOT = watchos;
				SWIFT_EMIT_LOC_STRINGS = NO;
				SWIFT_VERSION = 5.0;
				TARGETED_DEVICE_FAMILY = 4;
				TEST_TARGET_NAME = "UntitledAI Watch App";
				VALIDATE_PRODUCT = YES;
				WATCHOS_DEPLOYMENT_TARGET = 10.2;
			};
			name = Release;
		};
/* End XCBuildConfiguration section */

/* Begin XCConfigurationList section */
		AAB5820A2B530FD400CB72B8 /* Build configuration list for PBXProject "UntitledAI" */ = {
			isa = XCConfigurationList;
			buildConfigurations = (
				AAB582592B530FD700CB72B8 /* Debug */,
				AAB5825A2B530FD700CB72B8 /* Release */,
			);
			defaultConfigurationIsVisible = 0;
			defaultConfigurationName = Release;
		};
		AAB5825B2B530FD700CB72B8 /* Build configuration list for PBXNativeTarget "UntitledAI Watch App" */ = {
			isa = XCConfigurationList;
			buildConfigurations = (
				AAB5825C2B530FD700CB72B8 /* Debug */,
				AAB5825D2B530FD700CB72B8 /* Release */,
			);
			defaultConfigurationIsVisible = 0;
			defaultConfigurationName = Release;
		};
		AAB5825F2B530FD700CB72B8 /* Build configuration list for PBXNativeTarget "UntitledAI" */ = {
			isa = XCConfigurationList;
			buildConfigurations = (
				AAB582602B530FD700CB72B8 /* Debug */,
				AAB582612B530FD700CB72B8 /* Release */,
			);
			defaultConfigurationIsVisible = 0;
			defaultConfigurationName = Release;
		};
		AAB582622B530FD700CB72B8 /* Build configuration list for PBXNativeTarget "UntitledAITests" */ = {
			isa = XCConfigurationList;
			buildConfigurations = (
				AAB582632B530FD700CB72B8 /* Debug */,
				AAB582642B530FD700CB72B8 /* Release */,
			);
			defaultConfigurationIsVisible = 0;
			defaultConfigurationName = Release;
		};
		AAB582652B530FD700CB72B8 /* Build configuration list for PBXNativeTarget "UntitledAIUITests" */ = {
			isa = XCConfigurationList;
			buildConfigurations = (
				AAB582662B530FD700CB72B8 /* Debug */,
				AAB582672B530FD700CB72B8 /* Release */,
			);
			defaultConfigurationIsVisible = 0;
			defaultConfigurationName = Release;
		};
		AAB582682B530FD700CB72B8 /* Build configuration list for PBXNativeTarget "UntitledAI Watch AppTests" */ = {
			isa = XCConfigurationList;
			buildConfigurations = (
				AAB582692B530FD700CB72B8 /* Debug */,
				AAB5826A2B530FD700CB72B8 /* Release */,
			);
			defaultConfigurationIsVisible = 0;
			defaultConfigurationName = Release;
		};
		AAB5826B2B530FD700CB72B8 /* Build configuration list for PBXNativeTarget "UntitledAI Watch AppUITests" */ = {
			isa = XCConfigurationList;
			buildConfigurations = (
				AAB5826C2B530FD700CB72B8 /* Debug */,
				AAB5826D2B530FD700CB72B8 /* Release */,
			);
			defaultConfigurationIsVisible = 0;
			defaultConfigurationName = Release;
		};
/* End XCConfigurationList section */

/* Begin XCRemoteSwiftPackageReference section */
		AAB582702B5310E800CB72B8 /* XCRemoteSwiftPackageReference "socket.io-client-swift" */ = {
			isa = XCRemoteSwiftPackageReference;
			repositoryURL = "https://github.com/socketio/socket.io-client-swift.git";
			requirement = {
				branch = master;
				kind = branch;
			};
		};
/* End XCRemoteSwiftPackageReference section */

/* Begin XCSwiftPackageProductDependency section */
		AAB582712B5310E800CB72B8 /* SocketIO */ = {
			isa = XCSwiftPackageProductDependency;
			package = AAB582702B5310E800CB72B8 /* XCRemoteSwiftPackageReference "socket.io-client-swift" */;
			productName = SocketIO;
		};
/* End XCSwiftPackageProductDependency section */
	};
	rootObject = AAB582072B530FD400CB72B8 /* Project object */;
}
